
Microsoft Visual Studio Solution File, Format Version 12.00
# Visual Studio Version 17
VisualStudioVersion = 17.5.33424.131
MinimumVisualStudioVersion = 10.0.40219.1
Project("{9A19103F-16F7-4668-BE54-9A1E7A4F7556}") = "WebApi", "WebApi\WebApi.csproj", "{16106B97-7997-4CE3-BA2A-69919028035B}"
EndProject
Global
	GlobalSection(SolutionConfigurationPlatforms) = preSolution
		Debug|Any CPU = Debug|Any CPU
		Release|Any CPU = Release|Any CPU
	EndGlobalSection
	GlobalSection(ProjectConfigurationPlatforms) = postSolution
		{16106B97-7997-4CE3-BA2A-69919028035B}.Debug|Any CPU.ActiveCfg = Debug|Any CPU
		{16106B97-7997-4CE3-BA2A-69919028035B}.Debug|Any CPU.Build.0 = Debug|Any CPU
		{16106B97-7997-4CE3-BA2A-69919028035B}.Release|Any CPU.ActiveCfg = Release|Any CPU
		{16106B97-7997-4CE3-BA2A-69919028035B}.Release|Any CPU.Build.0 = Release|Any CPU
	EndGlobalSection
	GlobalSection(SolutionProperties) = preSolution
		HideSolutionNode = FALSE
	EndGlobalSection
	GlobalSection(ExtensibilityGlobals) = postSolution
		SolutionGuid = {7218795D-D11E-4F10-BA5C-A49B8622A87E}
	EndGlobalSection
EndGlobal
